
Microsoft Visual Studio Solution File, Format Version 12.00
# Visual Studio Version 17
VisualStudioVersion = 17.0.32014.148
MinimumVisualStudioVersion = 10.0.40219.1
Project("{FAE04EC0-301F-11D3-BF4B-00C04F79EFBC}") = "GuildedGenerator", "GuildedGenerator.csproj", "{9AA3C803-216E-4731-A677-77353B3D351D}"
EndProject
Global
	GlobalSection(SolutionConfigurationPlatforms) = preSolution
		Debug|Any CPU = Debug|Any CPU
		Release|Any CPU = Release|Any CPU
	EndGlobalSection
	GlobalSection(ProjectConfigurationPlatforms) = postSolution
		{9AA3C803-216E-4731-A677-77353B3D351D}.Debug|Any CPU.ActiveCfg = Debug|Any CPU
		{9AA3C803-216E-4731-A677-77353B3D351D}.Debug|Any CPU.Build.0 = Debug|Any CPU
		{9AA3C803-216E-4731-A677-77353B3D351D}.Release|Any CPU.ActiveCfg = Release|Any CPU
		{9AA3C803-216E-4731-A677-77353B3D351D}.Release|Any CPU.Build.0 = Release|Any CPU
	EndGlobalSection
	GlobalSection(SolutionProperties) = preSolution
		HideSolutionNode = FALSE
	EndGlobalSection
	GlobalSection(ExtensibilityGlobals) = postSolution
		SolutionGuid = {1B0090C4-5F47-422A-AB9A-1AED4967C8A2}
	EndGlobalSection
EndGlobal
